
Microsoft Visual Studio Solution File, Format Version 12.00
Project("{FAE04EC0-301F-11D3-BF4B-00C04F79EFBC}") = "ProperTea.Shared.Domain", "src\ProperTea.Shared.Domain\ProperTea.Shared.Domain.csproj", "{25F9CF26-1A16-4DE9-A6E4-C19303664BDA}"
EndProject
Project("{FAE04EC0-301F-11D3-BF4B-00C04F79EFBC}") = "ProperTea.Shared.Application", "src\ProperTea.Shared.Application\ProperTea.Shared.Application.csproj", "{C41718EA-C5A6-4613-BB39-0645BB87A7B0}"
EndProject
Project("{FAE04EC0-301F-11D3-BF4B-00C04F79EFBC}") = "ProperTea.Shared.Infrastructure", "src\ProperTea.Shared.Infrastructure\ProperTea.Shared.Infrastructure.csproj", "{7B3242AE-F69C-4505-A122-C75437E4C776}"
EndProject
Project("{FAE04EC0-301F-11D3-BF4B-00C04F79EFBC}") = "ProperTea.ServiceDefaults", "src\ProperTea.ServiceDefaults\ProperTea.ServiceDefaults.csproj", "{471CCEA6-D4D8-47B0-9F78-A583EDE6121C}"
EndProject
Project("{FAE04EC0-301F-11D3-BF4B-00C04F79EFBC}") = "ProperTea.ProperCqrs", "src\ProperTea.ProperCqrs\ProperTea.ProperCqrs.csproj", "{CB35A65D-6CC0-4098-818D-B91667924E6E}"
EndProject
Project("{2150E333-8FDC-42A3-9474-1A3956D46DE8}") = "src", "src", "{BD67469D-1B1F-41B7-94BF-73A875ACD7CC}"
EndProject
Project("{2150E333-8FDC-42A3-9474-1A3956D46DE8}") = "tests", "tests", "{77D630CC-3C2B-4F07-8BE8-E76E17813BCB}"
EndProject
Project("{2150E333-8FDC-42A3-9474-1A3956D46DE8}") = "doc", "doc", "{45BE7291-A18A-48F0-97B7-77E25A931916}"
EndProject
Project("{FAE04EC0-301F-11D3-BF4B-00C04F79EFBC}") = "ProperTea.Shared.Api", "src\ProperTea.Shared.Api\ProperTea.Shared.Api.csproj", "{EF147BDB-D8C2-40FA-A4A1-66EC8DAF77B0}"
EndProject
Global
	GlobalSection(SolutionConfigurationPlatforms) = preSolution
		Debug|Any CPU = Debug|Any CPU
		Release|Any CPU = Release|Any CPU
	EndGlobalSection
	GlobalSection(ProjectConfigurationPlatforms) = postSolution
		{25F9CF26-1A16-4DE9-A6E4-C19303664BDA}.Debug|Any CPU.ActiveCfg = Debug|Any CPU
		{25F9CF26-1A16-4DE9-A6E4-C19303664BDA}.Debug|Any CPU.Build.0 = Debug|Any CPU
		{25F9CF26-1A16-4DE9-A6E4-C19303664BDA}.Release|Any CPU.ActiveCfg = Release|Any CPU
		{25F9CF26-1A16-4DE9-A6E4-C19303664BDA}.Release|Any CPU.Build.0 = Release|Any CPU
		{C41718EA-C5A6-4613-BB39-0645BB87A7B0}.Debug|Any CPU.ActiveCfg = Debug|Any CPU
		{C41718EA-C5A6-4613-BB39-0645BB87A7B0}.Debug|Any CPU.Build.0 = Debug|Any CPU
		{C41718EA-C5A6-4613-BB39-0645BB87A7B0}.Release|Any CPU.ActiveCfg = Release|Any CPU
		{C41718EA-C5A6-4613-BB39-0645BB87A7B0}.Release|Any CPU.Build.0 = Release|Any CPU
		{7B3242AE-F69C-4505-A122-C75437E4C776}.Debug|Any CPU.ActiveCfg = Debug|Any CPU
		{7B3242AE-F69C-4505-A122-C75437E4C776}.Debug|Any CPU.Build.0 = Debug|Any CPU
		{7B3242AE-F69C-4505-A122-C75437E4C776}.Release|Any CPU.ActiveCfg = Release|Any CPU
		{7B3242AE-F69C-4505-A122-C75437E4C776}.Release|Any CPU.Build.0 = Release|Any CPU
		{471CCEA6-D4D8-47B0-9F78-A583EDE6121C}.Debug|Any CPU.ActiveCfg = Debug|Any CPU
		{471CCEA6-D4D8-47B0-9F78-A583EDE6121C}.Debug|Any CPU.Build.0 = Debug|Any CPU
		{471CCEA6-D4D8-47B0-9F78-A583EDE6121C}.Release|Any CPU.ActiveCfg = Release|Any CPU
		{471CCEA6-D4D8-47B0-9F78-A583EDE6121C}.Release|Any CPU.Build.0 = Release|Any CPU
		{CB35A65D-6CC0-4098-818D-B91667924E6E}.Debug|Any CPU.ActiveCfg = Debug|Any CPU
		{CB35A65D-6CC0-4098-818D-B91667924E6E}.Debug|Any CPU.Build.0 = Debug|Any CPU
		{CB35A65D-6CC0-4098-818D-B91667924E6E}.Release|Any CPU.ActiveCfg = Release|Any CPU
		{CB35A65D-6CC0-4098-818D-B91667924E6E}.Release|Any CPU.Build.0 = Release|Any CPU
		{EF147BDB-D8C2-40FA-A4A1-66EC8DAF77B0}.Debug|Any CPU.ActiveCfg = Debug|Any CPU
		{EF147BDB-D8C2-40FA-A4A1-66EC8DAF77B0}.Debug|Any CPU.Build.0 = Debug|Any CPU
		{EF147BDB-D8C2-40FA-A4A1-66EC8DAF77B0}.Release|Any CPU.ActiveCfg = Release|Any CPU
		{EF147BDB-D8C2-40FA-A4A1-66EC8DAF77B0}.Release|Any CPU.Build.0 = Release|Any CPU
	EndGlobalSection
	GlobalSection(NestedProjects) = preSolution
		{C41718EA-C5A6-4613-BB39-0645BB87A7B0} = {BD67469D-1B1F-41B7-94BF-73A875ACD7CC}
		{25F9CF26-1A16-4DE9-A6E4-C19303664BDA} = {BD67469D-1B1F-41B7-94BF-73A875ACD7CC}
		{7B3242AE-F69C-4505-A122-C75437E4C776} = {BD67469D-1B1F-41B7-94BF-73A875ACD7CC}
		{CB35A65D-6CC0-4098-818D-B91667924E6E} = {BD67469D-1B1F-41B7-94BF-73A875ACD7CC}
		{471CCEA6-D4D8-47B0-9F78-A583EDE6121C} = {BD67469D-1B1F-41B7-94BF-73A875ACD7CC}
		{EF147BDB-D8C2-40FA-A4A1-66EC8DAF77B0} = {BD67469D-1B1F-41B7-94BF-73A875ACD7CC}
	EndGlobalSection
EndGlobal
